
Microsoft Visual Studio Solution File, Format Version 12.00
# Visual Studio 15
VisualStudioVersion = 15.0.26730.10
MinimumVisualStudioVersion = 10.0.40219.1
Project("{FAE04EC0-301F-11D3-BF4B-00C04F79EFBC}") = "web", "web\web.csproj", "{D8BBB9EE-19BD-46FC-973F-48710F79A63E}"
EndProject
Project("{FAE04EC0-301F-11D3-BF4B-00C04F79EFBC}") = "common", "common\common.csproj", "{CD20A7E6-F405-490E-9B75-DB724CB7AF63}"
EndProject
Global
	GlobalSection(SolutionConfigurationPlatforms) = preSolution
		Debug|Any CPU = Debug|Any CPU
		Release|Any CPU = Release|Any CPU
	EndGlobalSection
	GlobalSection(ProjectConfigurationPlatforms) = postSolution
		{D8BBB9EE-19BD-46FC-973F-48710F79A63E}.Debug|Any CPU.ActiveCfg = Debug|Any CPU
		{D8BBB9EE-19BD-46FC-973F-48710F79A63E}.Debug|Any CPU.Build.0 = Debug|Any CPU
		{D8BBB9EE-19BD-46FC-973F-48710F79A63E}.Release|Any CPU.ActiveCfg = Release|Any CPU
		{D8BBB9EE-19BD-46FC-973F-48710F79A63E}.Release|Any CPU.Build.0 = Release|Any CPU
		{CD20A7E6-F405-490E-9B75-DB724CB7AF63}.Debug|Any CPU.ActiveCfg = Debug|Any CPU
		{CD20A7E6-F405-490E-9B75-DB724CB7AF63}.Debug|Any CPU.Build.0 = Debug|Any CPU
		{CD20A7E6-F405-490E-9B75-DB724CB7AF63}.Release|Any CPU.ActiveCfg = Release|Any CPU
		{CD20A7E6-F405-490E-9B75-DB724CB7AF63}.Release|Any CPU.Build.0 = Release|Any CPU
	EndGlobalSection
	GlobalSection(SolutionProperties) = preSolution
		HideSolutionNode = FALSE
	EndGlobalSection
	GlobalSection(ExtensibilityGlobals) = postSolution
		SolutionGuid = {88C74415-3232-4E96-91DD-FC74B17B3376}
	EndGlobalSection
EndGlobal
